
Microsoft Visual Studio Solution File, Format Version 12.00
# Visual Studio Version 16
VisualStudioVersion = 16.0.29613.14
MinimumVisualStudioVersion = 10.0.40219.1
Project("{FAE04EC0-301F-11D3-BF4B-00C04F79EFBC}") = "Fizzbuzz_Snyder", "Fizzbuzz_Snyder\Fizzbuzz_Snyder.csproj", "{92D8168F-FB00-49E0-8F77-E4C4EE5FA325}"
EndProject
Global
	GlobalSection(SolutionConfigurationPlatforms) = preSolution
		Debug|Any CPU = Debug|Any CPU
		Release|Any CPU = Release|Any CPU
	EndGlobalSection
	GlobalSection(ProjectConfigurationPlatforms) = postSolution
		{92D8168F-FB00-49E0-8F77-E4C4EE5FA325}.Debug|Any CPU.ActiveCfg = Debug|Any CPU
		{92D8168F-FB00-49E0-8F77-E4C4EE5FA325}.Debug|Any CPU.Build.0 = Debug|Any CPU
		{92D8168F-FB00-49E0-8F77-E4C4EE5FA325}.Release|Any CPU.ActiveCfg = Release|Any CPU
		{92D8168F-FB00-49E0-8F77-E4C4EE5FA325}.Release|Any CPU.Build.0 = Release|Any CPU
	EndGlobalSection
	GlobalSection(SolutionProperties) = preSolution
		HideSolutionNode = FALSE
	EndGlobalSection
	GlobalSection(ExtensibilityGlobals) = postSolution
		SolutionGuid = {8877FECB-E525-486C-8536-59542183829D}
	EndGlobalSection
EndGlobal
